
Microsoft Visual Studio Solution File, Format Version 12.00
# Visual Studio Version 16
VisualStudioVersion = 16.0.30128.36
MinimumVisualStudioVersion = 10.0.40219.1
Project("{FAE04EC0-301F-11D3-BF4B-00C04F79EFBC}") = "AiSRIPInterface", "AiSRIPInterface.csproj", "{6353764F-0456-4316-94F9-28EDA70CBBD3}"
EndProject
Global
	GlobalSection(SolutionConfigurationPlatforms) = preSolution
		Debug|Any CPU = Debug|Any CPU
		Release|Any CPU = Release|Any CPU
	EndGlobalSection
	GlobalSection(ProjectConfigurationPlatforms) = postSolution
		{6353764F-0456-4316-94F9-28EDA70CBBD3}.Debug|Any CPU.ActiveCfg = Debug|Any CPU
		{6353764F-0456-4316-94F9-28EDA70CBBD3}.Debug|Any CPU.Build.0 = Debug|Any CPU
		{6353764F-0456-4316-94F9-28EDA70CBBD3}.Release|Any CPU.ActiveCfg = Release|Any CPU
		{6353764F-0456-4316-94F9-28EDA70CBBD3}.Release|Any CPU.Build.0 = Release|Any CPU
	EndGlobalSection
	GlobalSection(SolutionProperties) = preSolution
		HideSolutionNode = FALSE
	EndGlobalSection
	GlobalSection(ExtensibilityGlobals) = postSolution
		SolutionGuid = {1AABEB06-22FB-405A-9A86-59B80661DFD7}
	EndGlobalSection
EndGlobal
